<?xml version="1.0" encoding="utf-8"?>
<Project ToolsVersion="4.0" xmlns="http://schemas.microsoft.com/developer/msbuild/2003">
  <ItemGroup>
    <Filter Include="Source Files">
      <UniqueIdentifier>{4FC737F1-C7A5-4376-A066-2A32D752A2FF}</UniqueIdentifier>
      <Extensions>cpp;c;cc;cxx;def;odl;idl;hpj;bat;asm;asmx</Extensions>
    </Filter>
  </ItemGroup>
  <ItemGroup>
    <ClCompile Include="Source\stdafx.cpp">
      <Filter>Source Files</Filter>
    </ClCompile>
    <ClCompile Include="Source\ObjectManager.cpp">
      <Filter>Source Files</Filter>
    </ClCompile>
    <ClCompile Include="Source\GameObject.cpp">
      <Filter>Source Files</Filter>
    </ClCompile>
    <ClCompile Include="Source\Utility.cpp">
      <Filter>Source Files</Filter>
    </ClCompile>
    <ClCompile Include="Source\EventHandling\EventHandler.cpp">
      <Filter>Source Files</Filter>
    </ClCompile>
    <ClCompile Include="Source\GameTimer.cpp">
      <Filter>Source Files</Filter>
    </ClCompile>
    <ClCompile Include="Source\Components\StatsComponent.cpp">
      <Filter>Source Files</Filter>
    </ClCompile>
    <ClCompile Include="Source\Components\StatsComponentManager.cpp">
      <Filter>Source Files</Filter>
    </ClCompile>
    <ClCompile Include="Source\Repository.cpp">
      <Filter>Source Files</Filter>
    </ClCompile>
    <ClCompile Include="Source\GameMap\GameMap.cpp">
      <Filter>Source Files</Filter>
    </ClCompile>
    <ClCompile Include="Source\GameMap\GameMapTile.cpp">
      <Filter>Source Files</Filter>
    </ClCompile>
    <ClCompile Include="Source\CommonRepository.cpp">
      <Filter>Source Files</Filter>
    </ClCompile>
    <ClCompile Include="Source\Models\StaticObject.cpp">
      <Filter>Source Files</Filter>
    </ClCompile>
    <ClCompile Include="Source\Extensions.cpp">
      <Filter>Source Files</Filter>
    </ClCompile>
    <ClCompile Include="Source\SocketManager.cpp">
      <Filter>Source Files</Filter>
    </ClCompile>
    <ClCompile Include="Source\ThirdParty\sqlite3.c">
      <Filter>Source Files</Filter>
    </ClCompile>
    <ClCompile Include="Source\Components\InventoryComponent.cpp">
      <Filter>Source Files</Filter>
    </ClCompile>
    <ClCompile Include="Source\Components\InventoryComponentManager.cpp">
      <Filter>Source Files</Filter>
    </ClCompile>
  </ItemGroup>
  <ItemGroup>
    <ClInclude Include="Source\stdafx.h">
      <Filter>Source Files</Filter>
    </ClInclude>
    <ClInclude Include="Source\targetver.h">
      <Filter>Source Files</Filter>
    </ClInclude>
    <ClInclude Include="Source\OpCodes.h">
      <Filter>Source Files</Filter>
    </ClInclude>
    <ClInclude Include="Source\ObjectManager.h" />
    <ClInclude Include="Source\GameObject.h" />
    <ClInclude Include="Source\Utility.h" />
    <ClInclude Include="Source\EventHandling\Events\ChangeActiveLayerEvent.h" />
    <ClInclude Include="Source\EventHandling\Events\CreateAccountFailedEvent.h" />
    <ClInclude Include="Source\EventHandling\Events\CreateCharacterFailedEvent.h" />
    <ClInclude Include="Source\EventHandling\Events\CreateCharacterSuccessEvent.h" />
    <ClInclude Include="Source\EventHandling\Events\DeleteCharacterSuccessEvent.h" />
    <ClInclude Include="Source\EventHandling\Events\DeleteGameObjectEvent.h" />
    <ClInclude Include="Source\EventHandling\Events\Event.h" />
    <ClInclude Include="Source\EventHandling\Events\EventType.h" />
    <ClInclude Include="Source\EventHandling\Events\KeyDownEvent.h" />
    <ClInclude Include="Source\EventHandling\Events\KeyPressEvent.h" />
    <ClInclude Include="Source\EventHandling\Events\LoginFailedEvent.h" />
    <ClInclude Include="Source\EventHandling\Events\LoginSuccessEvent.h" />
    <ClInclude Include="Source\EventHandling\Events\MouseEvent.h" />
    <ClInclude Include="Source\EventHandling\Events\SystemKeyDownEvent.h" />
    <ClInclude Include="Source\EventHandling\Events\SystemKeyPressEvent.h" />
    <ClInclude Include="Source\EventHandling\Events\SystemKeyUpEvent.h" />
    <ClInclude Include="Source\EventHandling\EventHandler.h" />
    <ClInclude Include="Source\EventHandling\Observer.h" />
    <ClInclude Include="Source\Layer.h" />
    <ClInclude Include="Source\EventHandling\Events\EnterWorldSuccessEvent.h" />
    <ClInclude Include="Source\GameTimer.h" />
    <ClInclude Include="Source\Models\Skill.h" />
    <ClInclude Include="Source\Models\Ability.h" />
    <ClInclude Include="Source\EventHandling\Events\ActivateAbilityEvent.h" />
    <ClInclude Include="Source\EventHandling\Events\StartDraggingUIAbilityEvent.h" />
    <ClInclude Include="Source\Constants.h" />
    <ClInclude Include="Source\EventHandling\Events\SetTargetEvent.h" />
    <ClInclude Include="Source\EventHandling\Events\SendChatMessage.h" />
    <ClInclude Include="Source\EventHandling\Events\ServerMessageEvent.h" />
    <ClInclude Include="Source\EventHandling\Events\ActivateAbilitySuccessEvent.h" />
    <ClInclude Include="Source\Components\StatsComponent.h" />
    <ClInclude Include="Source\Components\StatsComponentManager.h" />
    <ClInclude Include="Source\Repository.h" />
    <ClInclude Include="Include\sqlite3.h" />
    <ClInclude Include="Source\GameObjectType.h" />
    <ClInclude Include="Source\GameMap\GameMap.h" />
    <ClInclude Include="Source\GameMap\GameMapTile.h" />
    <ClInclude Include="Source\GameMap\TerrainType.h" />
    <ClInclude Include="Source\CommonRepository.h" />
    <ClInclude Include="Source\Models\StaticObject.h" />
    <ClInclude Include="Source\Extensions.h" />
    <ClInclude Include="Source\EventHandling\Events\PlayerUpdateEvent.h" />
    <ClInclude Include="Source\EventHandling\Events\NpcUpdateEvent.h" />
    <ClInclude Include="Source\EventHandling\Events\PropagateChatMessageEvent.h" />
    <ClInclude Include="Source\SocketManager.h" />
    <ClInclude Include="Include\Span.h" />
    <ClInclude Include="Source\EventHandling\Events\NpcDeathEvent.h" />
    <ClInclude Include="Source\Components\InventoryComponent.h" />
    <ClInclude Include="Source\Components\InventoryComponentManager.h" />
  </ItemGroup>
  <ItemGroup>
    <None Include="Wren.ruleset" />
  </ItemGroup>
</Project>