
Microsoft Visual Studio Solution File, Format Version 12.00
# Visual Studio 15
VisualStudioVersion = 15.0.28307.136
MinimumVisualStudioVersion = 10.0.40219.1
Project("{8BC9CEB8-8B4A-11D0-8D11-00A0C91BC942}") = "WrenServer", "WrenServer\WrenServer.vcxproj", "{3F223549-4B3E-4DA1-9C62-CD3571158450}"
	ProjectSection(ProjectDependencies) = postProject
		{9B91CEC2-3797-40CF-8ABA-0480F445E0D4} = {9B91CEC2-3797-40CF-8ABA-0480F445E0D4}
	EndProjectSection
EndProject
Project("{8BC9CEB8-8B4A-11D0-8D11-00A0C91BC942}") = "WrenClient", "WrenClient\WrenClient.vcxproj", "{2CF8663F-9AE1-48D9-8724-5C4E0980A5F0}"
	ProjectSection(ProjectDependencies) = postProject
		{9B91CEC2-3797-40CF-8ABA-0480F445E0D4} = {9B91CEC2-3797-40CF-8ABA-0480F445E0D4}
	EndProjectSection
EndProject
Project("{8BC9CEB8-8B4A-11D0-8D11-00A0C91BC942}") = "WrenCommon", "WrenCommon\WrenCommon.vcxproj", "{9B91CEC2-3797-40CF-8ABA-0480F445E0D4}"
EndProject
Global
	GlobalSection(SolutionConfigurationPlatforms) = preSolution
		Debug|x64 = Debug|x64
		Debug|x86 = Debug|x86
		Release|x64 = Release|x64
		Release|x86 = Release|x86
	EndGlobalSection
	GlobalSection(ProjectConfigurationPlatforms) = postSolution
		{3F223549-4B3E-4DA1-9C62-CD3571158450}.Debug|x64.ActiveCfg = Debug|x64
		{3F223549-4B3E-4DA1-9C62-CD3571158450}.Debug|x64.Build.0 = Debug|x64
		{3F223549-4B3E-4DA1-9C62-CD3571158450}.Debug|x86.ActiveCfg = Debug|Win32
		{3F223549-4B3E-4DA1-9C62-CD3571158450}.Debug|x86.Build.0 = Debug|Win32
		{3F223549-4B3E-4DA1-9C62-CD3571158450}.Release|x64.ActiveCfg = Release|x64
		{3F223549-4B3E-4DA1-9C62-CD3571158450}.Release|x64.Build.0 = Release|x64
		{3F223549-4B3E-4DA1-9C62-CD3571158450}.Release|x86.ActiveCfg = Release|Win32
		{3F223549-4B3E-4DA1-9C62-CD3571158450}.Release|x86.Build.0 = Release|Win32
		{2CF8663F-9AE1-48D9-8724-5C4E0980A5F0}.Debug|x64.ActiveCfg = Debug|x64
		{2CF8663F-9AE1-48D9-8724-5C4E0980A5F0}.Debug|x64.Build.0 = Debug|x64
		{2CF8663F-9AE1-48D9-8724-5C4E0980A5F0}.Debug|x86.ActiveCfg = Debug|Win32
		{2CF8663F-9AE1-48D9-8724-5C4E0980A5F0}.Debug|x86.Build.0 = Debug|Win32
		{2CF8663F-9AE1-48D9-8724-5C4E0980A5F0}.Release|x64.ActiveCfg = Release|x64
		{2CF8663F-9AE1-48D9-8724-5C4E0980A5F0}.Release|x64.Build.0 = Release|x64
		{2CF8663F-9AE1-48D9-8724-5C4E0980A5F0}.Release|x86.ActiveCfg = Release|Win32
		{2CF8663F-9AE1-48D9-8724-5C4E0980A5F0}.Release|x86.Build.0 = Release|Win32
		{9B91CEC2-3797-40CF-8ABA-0480F445E0D4}.Debug|x64.ActiveCfg = Debug|x64
		{9B91CEC2-3797-40CF-8ABA-0480F445E0D4}.Debug|x64.Build.0 = Debug|x64
		{9B91CEC2-3797-40CF-8ABA-0480F445E0D4}.Debug|x86.ActiveCfg = Debug|Win32
		{9B91CEC2-3797-40CF-8ABA-0480F445E0D4}.Debug|x86.Build.0 = Debug|Win32
		{9B91CEC2-3797-40CF-8ABA-0480F445E0D4}.Release|x64.ActiveCfg = Release|x64
		{9B91CEC2-3797-40CF-8ABA-0480F445E0D4}.Release|x64.Build.0 = Release|x64
		{9B91CEC2-3797-40CF-8ABA-0480F445E0D4}.Release|x86.ActiveCfg = Release|Win32
		{9B91CEC2-3797-40CF-8ABA-0480F445E0D4}.Release|x86.Build.0 = Release|Win32
	EndGlobalSection
	GlobalSection(SolutionProperties) = preSolution
		HideSolutionNode = FALSE
	EndGlobalSection
	GlobalSection(ExtensibilityGlobals) = postSolution
		SolutionGuid = {5EAAB945-A9DE-4EA3-8B9F-F7EB52B4A93B}
	EndGlobalSection
	GlobalSection(Performance) = preSolution
		HasPerformanceSessions = true
	EndGlobalSection
EndGlobal
