<?xml version="1.0" encoding="utf-8"?>
<Project ToolsVersion="4.0" xmlns="http://schemas.microsoft.com/developer/msbuild/2003">
  <ItemGroup>
    <ClInclude Include="Include\sodium.h" />
    <ClInclude Include="Source\targetver.h" />
    <ClInclude Include="Source\stdafx.h" />
    <ClInclude Include="Source\Models\Account.h" />
    <ClInclude Include="Source\Models\Character.h" />
    <ClInclude Include="Source\Components\AIComponent.h" />
    <ClInclude Include="Source\Components\AIComponentManager.h" />
    <ClInclude Include="Source\ServerRepository.h" />
    <ClInclude Include="Source\Components\PlayerComponent.h" />
    <ClInclude Include="Source\Components\PlayerComponentManager.h" />
    <ClInclude Include="Source\Components\SkillComponent.h" />
    <ClInclude Include="Source\Components\SkillComponentManager.h" />
    <ClInclude Include="Source\Models\Skill.h" />
    <ClInclude Include="Source\Events\AttackHitEvent.h" />
    <ClInclude Include="Source\Events\AttackMissEvent.h" />
    <ClInclude Include="Source\ServerSocketManager.h" />
    <ClInclude Include="Source\Components\ServerComponentOrchestrator.h" />
    <ClInclude Include="Source\WorldStateManager.h" />
  </ItemGroup>
  <ItemGroup>
    <ClCompile Include="Source\WrenServer.cpp" />
    <ClCompile Include="Source\stdafx.cpp" />
    <ClCompile Include="Source\ThirdParty\sqlite3.c" />
    <ClCompile Include="Source\Components\AIComponent.cpp" />
    <ClCompile Include="Source\Components\AIComponentManager.cpp" />
    <ClCompile Include="Source\ServerRepository.cpp" />
    <ClCompile Include="Source\Components\PlayerComponent.cpp" />
    <ClCompile Include="Source\Components\PlayerComponentManager.cpp" />
    <ClCompile Include="Source\Components\SkillComponent.cpp" />
    <ClCompile Include="Source\Components\SkillComponentManager.cpp" />
    <ClCompile Include="Source\ServerSocketManager.cpp" />
    <ClCompile Include="Source\Components\ServerComponentOrchestrator.cpp" />
  </ItemGroup>
</Project>