<?xml version="1.0" encoding="utf-8"?>
<Project ToolsVersion="4.0" xmlns="http://schemas.microsoft.com/developer/msbuild/2003">
  <ItemGroup>
    <ClCompile Include="Source\DirectXManager.cpp" />
    <ClCompile Include="Source\GameTimer.cpp" />
    <ClCompile Include="Source\WrenClient.cpp" />
    <ClCompile Include="Source\SocketManager.cpp" />
    <ClCompile Include="Source\GameObject.cpp" />
    <ClCompile Include="Source\UI\UIButton.cpp" />
    <ClCompile Include="Source\UI\UICharacterListing.cpp" />
    <ClCompile Include="Source\UI\UIInput.cpp" />
    <ClCompile Include="Source\UI\UILabel.cpp" />
    <ClCompile Include="Source\UI\UIPanel.cpp" />
    <ClCompile Include="Source\EventHandling\EventHandler.cpp" />
    <ClCompile Include="Source\EventHandling\Events\KeyPressEvent.cpp" />
    <ClCompile Include="Source\EventHandling\Events\SystemKeyPressEvent.cpp" />
    <ClCompile Include="Source\EventHandling\Events\SystemKeyUpEvent.h" />
    <ClCompile Include="Source\UI\UIComponent.cpp" />
    <ClCompile Include="Source\ObjectManager.cpp" />
    <ClCompile Include="Source\UI\UIInputGroup.cpp" />
    <ClCompile Include="Source\Utility.cpp" />
  </ItemGroup>
  <ItemGroup>
    <ClInclude Include="Source\DirectXManager.h" />
    <ClInclude Include="Source\GameTimer.h" />
    <ClInclude Include="Source\LoginState.h" />
    <ClInclude Include="Source\SocketManager.h" />
    <ClInclude Include="Source\GameObject.h" />
    <ClInclude Include="Source\UI\UIButton.h" />
    <ClInclude Include="Source\UI\UICharacterListing.h" />
    <ClInclude Include="Source\UI\UIInput.h" />
    <ClInclude Include="Source\UI\UILabel.h" />
    <ClInclude Include="Source\UI\UIPanel.h" />
    <ClInclude Include="Source\EventHandling\Observer.h" />
    <ClInclude Include="Source\EventHandling\Events\Event.h" />
    <ClInclude Include="Source\EventHandling\Events\MouseDownEvent.h" />
    <ClInclude Include="Source\EventHandling\Events\EventType.h" />
    <ClInclude Include="Source\EventHandling\Events\MouseUpEvent.h" />
    <ClInclude Include="Source\EventHandling\EventHandler.h" />
    <ClInclude Include="Source\EventHandling\Events\KeyPressEvent.h" />
    <ClInclude Include="Source\EventHandling\Events\KeyDownEvent.h" />
    <ClInclude Include="Source\EventHandling\Events\SystemKeyPressEvent.h" />
    <ClInclude Include="Source\EventHandling\Events\SystemKeyDownEvent.h" />
    <ClInclude Include="Source\EventHandling\Events\MouseEvent.h" />
    <ClInclude Include="Source\EventHandling\Events\MouseMoveEvent.h" />
    <ClInclude Include="Source\EventHandling\Events\SelectCharacterListing.h" />
    <ClInclude Include="Source\UI\UIComponent.h" />
    <ClInclude Include="Source\Layer.h" />
    <ClInclude Include="Source\ObjectManager.h" />
    <ClInclude Include="Source\EventHandling\Events\ChangeActiveLayerEvent.h" />
    <ClInclude Include="Source\UI\UIInputGroup.h" />
    <ClInclude Include="Source\EventHandling\Events\CreateAccountFailedEvent.h" />
    <ClInclude Include="Source\EventHandling\Events\LoginFailedEvent.h" />
    <ClInclude Include="Source\EventHandling\Events\LoginSuccessEvent.h" />
    <ClInclude Include="Source\EventHandling\Events\CreateCharacterFailedEvent.h" />
    <ClInclude Include="Source\EventHandling\Events\CreateCharacterSuccessEvent.h" />
    <ClInclude Include="Source\Utility.h" />
  </ItemGroup>
  <ItemGroup>
    <FxCompile Include="Source\Shaders\PixelShader.hlsl" />
    <FxCompile Include="Source\Shaders\VertexShader.hlsl" />
  </ItemGroup>
</Project>