<?xml version="1.0" encoding="utf-8"?>
<Project ToolsVersion="4.0" xmlns="http://schemas.microsoft.com/developer/msbuild/2003">
  <ItemGroup>
    <ClCompile Include="Source\WrenClient.cpp" />
    <ClCompile Include="Source\SocketManager.cpp" />
    <ClCompile Include="Source\UI\UIButton.cpp" />
    <ClCompile Include="Source\UI\UICharacterListing.cpp" />
    <ClCompile Include="Source\UI\UIInput.cpp" />
    <ClCompile Include="Source\UI\UILabel.cpp" />
    <ClCompile Include="Source\UI\UIPanel.cpp" />
    <ClCompile Include="Source\UI\UIComponent.cpp" />
    <ClCompile Include="Source\UI\UIInputGroup.cpp" />
    <ClCompile Include="Source\GameMap\GameMapTile.cpp" />
    <ClCompile Include="Source\GameMap\GameMap.cpp" />
    <ClCompile Include="Source\Mesh.cpp" />
    <ClCompile Include="Source\DDSTextureLoader.cpp" />
    <ClCompile Include="Source\stdafx.cpp" />
    <ClCompile Include="Source\Camera.cpp" />
    <ClCompile Include="Source\Game.cpp" />
    <ClCompile Include="Source\DeviceResources.cpp" />
    <ClCompile Include="Source\UI\UISkillListing.cpp" />
    <ClCompile Include="Source\UI\UIHotbar.cpp" />
    <ClCompile Include="Source\UI\UIAbility.cpp" />
    <ClCompile Include="Source\Sprite.cpp" />
    <ClCompile Include="Source\UI\UIAbilitiesContainer.cpp" />
    <ClCompile Include="Source\UI\UICharacterHUD.cpp" />
    <ClCompile Include="Source\Components\RenderComponent.cpp" />
    <ClCompile Include="Source\Components\RenderComponentManager.cpp" />
    <ClCompile Include="Source\Components\StatsComponent.cpp" />
    <ClCompile Include="Source\Components\StatsComponentManager.cpp" />
    <ClCompile Include="Source\UI\UITargetHUD.cpp" />
    <ClCompile Include="Source\UI\UITextWindow.cpp" />
  </ItemGroup>
  <ItemGroup>
    <ClInclude Include="Source\LoginState.h" />
    <ClInclude Include="Source\SocketManager.h" />
    <ClInclude Include="Source\UI\UIButton.h" />
    <ClInclude Include="Source\UI\UICharacterListing.h" />
    <ClInclude Include="Source\UI\UIInput.h" />
    <ClInclude Include="Source\UI\UILabel.h" />
    <ClInclude Include="Source\UI\UIPanel.h" />
    <ClInclude Include="Source\EventHandling\Observer.h" />
    <ClInclude Include="Source\EventHandling\Events\Event.h" />
    <ClInclude Include="Source\EventHandling\Events\MouseUpEvent.h" />
    <ClInclude Include="Source\EventHandling\EventHandler.h" />
    <ClInclude Include="Source\EventHandling\Events\KeyPressEvent.h" />
    <ClInclude Include="Source\EventHandling\Events\KeyDownEvent.h" />
    <ClInclude Include="Source\EventHandling\Events\SystemKeyDownEvent.h" />
    <ClInclude Include="Source\EventHandling\Events\MouseEvent.h" />
    <ClInclude Include="Source\EventHandling\Events\MouseMoveEvent.h" />
    <ClInclude Include="Source\UI\UIComponent.h" />
    <ClInclude Include="Source\EventHandling\Events\ChangeActiveLayerEvent.h" />
    <ClInclude Include="Source\UI\UIInputGroup.h" />
    <ClInclude Include="Source\EventHandling\Events\CreateAccountFailedEvent.h" />
    <ClInclude Include="Source\EventHandling\Events\LoginFailedEvent.h" />
    <ClInclude Include="Source\EventHandling\Events\LoginSuccessEvent.h" />
    <ClInclude Include="Source\EventHandling\Events\CreateCharacterSuccessEvent.h" />
    <ClInclude Include="Source\EventHandling\Events\DeleteCharacterSuccessEvent.h" />
    <ClInclude Include="Source\GameMap\GameMap.h" />
    <ClInclude Include="Source\GameMap\GameMapTile.h" />
    <ClInclude Include="Source\GameMap\TerrainType.h" />
    <ClInclude Include="Include\assimp\ai_assert.h" />
    <ClInclude Include="Include\assimp\anim.h" />
    <ClInclude Include="Include\assimp\BaseImporter.h" />
    <ClInclude Include="Include\assimp\Bitmap.h" />
    <ClInclude Include="Include\assimp\BlobIOSystem.h" />
    <ClInclude Include="Include\assimp\ByteSwapper.h" />
    <ClInclude Include="Include\assimp\camera.h" />
    <ClInclude Include="Include\assimp\cexport.h" />
    <ClInclude Include="Include\assimp\cfileio.h" />
    <ClInclude Include="Include\assimp\cimport.h" />
    <ClInclude Include="Include\assimp\color4.h" />
    <ClInclude Include="Include\assimp\config.h" />
    <ClInclude Include="Include\assimp\CreateAnimMesh.h" />
    <ClInclude Include="Include\assimp\DefaultIOStream.h" />
    <ClInclude Include="Include\assimp\DefaultIOSystem.h" />
    <ClInclude Include="Include\assimp\DefaultLogger.hpp" />
    <ClInclude Include="Include\assimp\Defines.h" />
    <ClInclude Include="Include\assimp\defs.h" />
    <ClInclude Include="Include\assimp\Exceptional.h" />
    <ClInclude Include="Include\assimp\Exporter.hpp" />
    <ClInclude Include="Include\assimp\fast_atof.h" />
    <ClInclude Include="Include\assimp\GenericProperty.h" />
    <ClInclude Include="Include\assimp\Hash.h" />
    <ClInclude Include="Include\assimp\Importer.hpp" />
    <ClInclude Include="Include\assimp\importerdesc.h" />
    <ClInclude Include="Include\assimp\IOStream.hpp" />
    <ClInclude Include="Include\assimp\IOStreamBuffer.h" />
    <ClInclude Include="Include\assimp\IOSystem.hpp" />
    <ClInclude Include="Include\assimp\irrXMLWrapper.h" />
    <ClInclude Include="Include\assimp\light.h" />
    <ClInclude Include="Include\assimp\LineSplitter.h" />
    <ClInclude Include="Include\assimp\LogAux.h" />
    <ClInclude Include="Include\assimp\Logger.hpp" />
    <ClInclude Include="Include\assimp\LogStream.hpp" />
    <ClInclude Include="Include\assimp\Macros.h" />
    <ClInclude Include="Include\assimp\material.h" />
    <ClInclude Include="Include\assimp\MathFunctions.h" />
    <ClInclude Include="Include\assimp\matrix3x3.h" />
    <ClInclude Include="Include\assimp\matrix4x4.h" />
    <ClInclude Include="Include\assimp\MemoryIOWrapper.h" />
    <ClInclude Include="Include\assimp\mesh.h" />
    <ClInclude Include="Include\assimp\metadata.h" />
    <ClInclude Include="Include\assimp\NullLogger.hpp" />
    <ClInclude Include="Include\assimp\ParsingUtils.h" />
    <ClInclude Include="Include\assimp\pbrmaterial.h" />
    <ClInclude Include="Include\assimp\postprocess.h" />
    <ClInclude Include="Include\assimp\Profiler.h" />
    <ClInclude Include="Include\assimp\ProgressHandler.hpp" />
    <ClInclude Include="Include\assimp\qnan.h" />
    <ClInclude Include="Include\assimp\quaternion.h" />
    <ClInclude Include="Include\assimp\RemoveComments.h" />
    <ClInclude Include="Include\assimp\scene.h" />
    <ClInclude Include="Include\assimp\SceneCombiner.h" />
    <ClInclude Include="Include\assimp\SGSpatialSort.h" />
    <ClInclude Include="Include\assimp\SkeletonMeshBuilder.h" />
    <ClInclude Include="Include\assimp\SmoothingGroups.h" />
    <ClInclude Include="Include\assimp\SpatialSort.h" />
    <ClInclude Include="Include\assimp\StandardShapes.h" />
    <ClInclude Include="Include\assimp\StreamReader.h" />
    <ClInclude Include="Include\assimp\StreamWriter.h" />
    <ClInclude Include="Include\assimp\StringComparison.h" />
    <ClInclude Include="Include\assimp\StringUtils.h" />
    <ClInclude Include="Include\assimp\Subdivision.h" />
    <ClInclude Include="Include\assimp\texture.h" />
    <ClInclude Include="Include\assimp\TinyFormatter.h" />
    <ClInclude Include="Include\assimp\types.h" />
    <ClInclude Include="Include\assimp\vector2.h" />
    <ClInclude Include="Include\assimp\vector3.h" />
    <ClInclude Include="Include\assimp\version.h" />
    <ClInclude Include="Include\assimp\Vertex.h" />
    <ClInclude Include="Include\assimp\XMLTools.h" />
    <ClInclude Include="Source\Mesh.h" />
    <ClInclude Include="Include\assimp\port\AndroidJNI\AndroidJNIIOSystem.h" />
    <ClInclude Include="Include\assimp\Compiler\poppack1.h" />
    <ClInclude Include="Include\assimp\Compiler\pstdint.h" />
    <ClInclude Include="Include\assimp\Compiler\pushpack1.h" />
    <ClInclude Include="Source\ConstantBufferPerObject.h" />
    <ClInclude Include="Source\DDSTextureLoader.h" />
    <ClInclude Include="Source\Vertex.h" />
    <ClInclude Include="Source\stdafx.h" />
    <ClInclude Include="Source\targetver.h" />
    <ClInclude Include="Source\ConstantBufferOnce.h" />
    <ClInclude Include="Source\EventHandling\Events\LeftMouseDownEvent.h" />
    <ClInclude Include="Source\EventHandling\Events\LeftMouseUpEvent.h" />
    <ClInclude Include="Source\EventHandling\Events\RightMouseDownEvent.h" />
    <ClInclude Include="Source\EventHandling\Events\RigthMouseUpEvent.h" />
    <ClInclude Include="Source\Camera.h" />
    <ClInclude Include="Source\Game.h" />
    <ClInclude Include="Source\DeviceResources.h" />
    <ClInclude Include="Source\ShaderBuffer.h" />
    <ClInclude Include="Source\EventHandling\Events\PlayerCorrectionEvent.h" />
    <ClInclude Include="Source\UI\UISkillListing.h" />
    <ClInclude Include="Source\UI\UIHotbar.h" />
    <ClInclude Include="Source\UI\UIAbility.h" />
    <ClInclude Include="Source\Sprite.h" />
    <ClInclude Include="Source\SpriteVertex.h" />
    <ClInclude Include="Source\UI\UICharacterHUD.h" />
    <ClInclude Include="Source\UI\UIAbilitiesContainer.h" />
    <ClInclude Include="Source\Events\UIAbilityDroppedEvent.h" />
    <ClInclude Include="Source\Components\RenderComponent.h" />
    <ClInclude Include="Source\Components\RenderComponentManager.h" />
    <ClInclude Include="Source\Components\StatsComponent.h" />
    <ClInclude Include="Source\Components\StatsComponentManager.h" />
    <ClInclude Include="Source\UI\UITargetHUD.h" />
    <ClInclude Include="Source\UI\UITextWindow.h" />
  </ItemGroup>
  <ItemGroup>
    <FxCompile Include="Source\Shaders\PixelShader.hlsl" />
    <FxCompile Include="Source\Shaders\VertexShader.hlsl" />
    <FxCompile Include="Source\Shaders\SpriteVertexShader.hlsl" />
    <FxCompile Include="Source\Shaders\SpritePixelShader.hlsl" />
  </ItemGroup>
  <ItemGroup>
    <None Include="Models\sphere.blend" />
    <None Include="Include\assimp\color4.inl" />
    <None Include="Include\assimp\config.h.in" />
    <None Include="Include\assimp\material.inl" />
    <None Include="Include\assimp\matrix3x3.inl" />
    <None Include="Include\assimp\matrix4x4.inl" />
    <None Include="Include\assimp\quaternion.inl" />
    <None Include="Include\assimp\SmoothingGroups.inl" />
    <None Include="Include\assimp\vector2.inl" />
    <None Include="Include\assimp\vector3.inl" />
    <None Include="Include\assimp\AssimpDelphi\aiColor4D.pas" />
    <None Include="Include\assimp\AssimpDelphi\aiMaterial.pas" />
    <None Include="Include\assimp\AssimpDelphi\aiMatrix3x3.pas" />
    <None Include="Include\assimp\AssimpDelphi\aiMatrix4x4.pas" />
    <None Include="Include\assimp\AssimpDelphi\aiMesh.pas" />
    <None Include="Include\assimp\AssimpDelphi\aiQuaternion.pas" />
    <None Include="Include\assimp\AssimpDelphi\aiScene.pas" />
    <None Include="Include\assimp\AssimpDelphi\aiTexture.pas" />
    <None Include="Include\assimp\AssimpDelphi\aiTypes.pas" />
    <None Include="Include\assimp\AssimpDelphi\aiVector2D.pas" />
    <None Include="Include\assimp\AssimpDelphi\aiVector3D.pas" />
    <None Include="Include\assimp\AssimpDelphi\assimp.pas" />
    <None Include="Lib\assimp-vc140-mt.dll" />
    <None Include="Models\cube.blend" />
    <None Include="Models\tree.blend" />
    <None Include="Models\dummy.blend" />
  </ItemGroup>
  <ItemGroup>
    <Library Include="Lib\assimp-vc140-mt.lib" />
  </ItemGroup>
  <ItemGroup>
    <Text Include="Include\assimp\AssimpDelphi\Readme.txt" />
  </ItemGroup>
  <ItemGroup>
    <Image Include="Textures\texture01.dds" />
    <Image Include="Textures\texture02.dds" />
    <Image Include="Textures\grass01.DDS" />
    <Image Include="Textures\abilityicon01.DDS" />
    <Image Include="Textures\texture03.DDS" />
    <Image Include="Textures\abilityicon02.DDS" />
    <Image Include="Textures\abilityicon03.DDS" />
  </ItemGroup>
</Project>