<?xml version="1.0" encoding="utf-8"?>
<Project ToolsVersion="4.0" xmlns="http://schemas.microsoft.com/developer/msbuild/2003">
  <ItemGroup>
    <ClCompile Include="Source\DirectXManager.cpp" />
    <ClCompile Include="Source\GameTimer.cpp" />
    <ClCompile Include="Source\UIButton.cpp" />
    <ClCompile Include="Source\UIInput.cpp" />
    <ClCompile Include="Source\WrenClient.cpp" />
  </ItemGroup>
  <ItemGroup>
    <ClInclude Include="Source\DirectXManager.h" />
    <ClInclude Include="Source\GameTimer.h" />
    <ClInclude Include="Source\LoginState.h" />
    <ClInclude Include="Source\UIButton.h" />
    <ClInclude Include="Source\UIInput.h" />
    <ClInclude Include="Source\UIView.h" />
  </ItemGroup>
</Project>